// !$*UTF8*$!
{
	archiveVersion = 1;
	classes = {
	};
	objectVersion = 48;
	objects = {

/* Begin PBXBuildFile section */
		5C3703A2AE34E9212041FF83 /* Pods_HeliXplore.framework in Frameworks */ = {isa = PBXBuildFile; fileRef = 0BFDF7E3CD479BCBBDDFDBE6 /* Pods_HeliXplore.framework */; };
		A5844A081FD140EF00188488 /* AppDelegate.swift in Sources */ = {isa = PBXBuildFile; fileRef = A5844A071FD140EF00188488 /* AppDelegate.swift */; };
		A5844A0A1FD140EF00188488 /* ViewController.swift in Sources */ = {isa = PBXBuildFile; fileRef = A5844A091FD140EF00188488 /* ViewController.swift */; };
		A5844A0D1FD140EF00188488 /* Main.storyboard in Resources */ = {isa = PBXBuildFile; fileRef = A5844A0B1FD140EF00188488 /* Main.storyboard */; };
		A5844A0F1FD140EF00188488 /* Assets.xcassets in Resources */ = {isa = PBXBuildFile; fileRef = A5844A0E1FD140EF00188488 /* Assets.xcassets */; };
		A5844A121FD140EF00188488 /* LaunchScreen.storyboard in Resources */ = {isa = PBXBuildFile; fileRef = A5844A101FD140EF00188488 /* LaunchScreen.storyboard */; };
		A5844A1A1FD1443700188488 /* IntroViewController.swift in Sources */ = {isa = PBXBuildFile; fileRef = A5844A191FD1443700188488 /* IntroViewController.swift */; };
		A5844A1C1FD145D900188488 /* Extensions.swift in Sources */ = {isa = PBXBuildFile; fileRef = A5844A1B1FD145D900188488 /* Extensions.swift */; };
/* End PBXBuildFile section */

/* Begin PBXFileReference section */
		0BFDF7E3CD479BCBBDDFDBE6 /* Pods_HeliXplore.framework */ = {isa = PBXFileReference; explicitFileType = wrapper.framework; includeInIndex = 0; path = Pods_HeliXplore.framework; sourceTree = BUILT_PRODUCTS_DIR; };
		8207C55AEF2200C574815FDB /* Pods-HeliXplore.debug.xcconfig */ = {isa = PBXFileReference; includeInIndex = 1; lastKnownFileType = text.xcconfig; name = "Pods-HeliXplore.debug.xcconfig"; path = "../Pods/Target Support Files/Pods-HeliXplore/Pods-HeliXplore.debug.xcconfig"; sourceTree = "<group>"; };
		A5844A041FD140EF00188488 /* HeliXplore.app */ = {isa = PBXFileReference; explicitFileType = wrapper.application; includeInIndex = 0; path = HeliXplore.app; sourceTree = BUILT_PRODUCTS_DIR; };
		A5844A071FD140EF00188488 /* AppDelegate.swift */ = {isa = PBXFileReference; lastKnownFileType = sourcecode.swift; path = AppDelegate.swift; sourceTree = "<group>"; };
		A5844A091FD140EF00188488 /* ViewController.swift */ = {isa = PBXFileReference; lastKnownFileType = sourcecode.swift; path = ViewController.swift; sourceTree = "<group>"; };
		A5844A0C1FD140EF00188488 /* Base */ = {isa = PBXFileReference; lastKnownFileType = file.storyboard; name = Base; path = Base.lproj/Main.storyboard; sourceTree = "<group>"; };
		A5844A0E1FD140EF00188488 /* Assets.xcassets */ = {isa = PBXFileReference; lastKnownFileType = folder.assetcatalog; path = Assets.xcassets; sourceTree = "<group>"; };
		A5844A111FD140EF00188488 /* Base */ = {isa = PBXFileReference; lastKnownFileType = file.storyboard; name = Base; path = Base.lproj/LaunchScreen.storyboard; sourceTree = "<group>"; };
		A5844A131FD140EF00188488 /* Info.plist */ = {isa = PBXFileReference; lastKnownFileType = text.plist.xml; path = Info.plist; sourceTree = "<group>"; };
		A5844A191FD1443700188488 /* IntroViewController.swift */ = {isa = PBXFileReference; fileEncoding = 4; lastKnownFileType = sourcecode.swift; path = IntroViewController.swift; sourceTree = "<group>"; };
		A5844A1B1FD145D900188488 /* Extensions.swift */ = {isa = PBXFileReference; fileEncoding = 4; lastKnownFileType = sourcecode.swift; path = Extensions.swift; sourceTree = "<group>"; };
		BBE85A6F4A90BD5491B9ABE9 /* Pods-HeliXplore.release.xcconfig */ = {isa = PBXFileReference; includeInIndex = 1; lastKnownFileType = text.xcconfig; name = "Pods-HeliXplore.release.xcconfig"; path = "../Pods/Target Support Files/Pods-HeliXplore/Pods-HeliXplore.release.xcconfig"; sourceTree = "<group>"; };
/* End PBXFileReference section */

/* Begin PBXFrameworksBuildPhase section */
		A5844A011FD140EF00188488 /* Frameworks */ = {
			isa = PBXFrameworksBuildPhase;
			buildActionMask = 2147483647;
			files = (
				5C3703A2AE34E9212041FF83 /* Pods_HeliXplore.framework in Frameworks */,
			);
			runOnlyForDeploymentPostprocessing = 0;
		};
/* End PBXFrameworksBuildPhase section */

/* Begin PBXGroup section */
		516C10E9A4A5A149A5CDA1D2 /* Pods */ = {
			isa = PBXGroup;
			children = (
				8207C55AEF2200C574815FDB /* Pods-HeliXplore.debug.xcconfig */,
				BBE85A6F4A90BD5491B9ABE9 /* Pods-HeliXplore.release.xcconfig */,
			);
			name = Pods;
			sourceTree = "<group>";
		};
		A58449FB1FD140EF00188488 = {
			isa = PBXGroup;
			children = (
				A5844A061FD140EF00188488 /* HeliXplore */,
				A5844A051FD140EF00188488 /* Products */,
				516C10E9A4A5A149A5CDA1D2 /* Pods */,
				FFDB052A9C622BBE39841473 /* Frameworks */,
			);
			sourceTree = "<group>";
		};
		A5844A051FD140EF00188488 /* Products */ = {
			isa = PBXGroup;
			children = (
				A5844A041FD140EF00188488 /* HeliXplore.app */,
			);
			name = Products;
			sourceTree = "<group>";
		};
		A5844A061FD140EF00188488 /* HeliXplore */ = {
			isa = PBXGroup;
			children = (
				A5844A071FD140EF00188488 /* AppDelegate.swift */,
				A5844A091FD140EF00188488 /* ViewController.swift */,
				A5844A191FD1443700188488 /* IntroViewController.swift */,
				A5844A1B1FD145D900188488 /* Extensions.swift */,
				A5844A0B1FD140EF00188488 /* Main.storyboard */,
				A5844A0E1FD140EF00188488 /* Assets.xcassets */,
				A5844A101FD140EF00188488 /* LaunchScreen.storyboard */,
				A5844A131FD140EF00188488 /* Info.plist */,
			);
			path = HeliXplore;
			sourceTree = "<group>";
		};
		FFDB052A9C622BBE39841473 /* Frameworks */ = {
			isa = PBXGroup;
			children = (
				0BFDF7E3CD479BCBBDDFDBE6 /* Pods_HeliXplore.framework */,
			);
			name = Frameworks;
			sourceTree = "<group>";
		};
/* End PBXGroup section */

/* Begin PBXNativeTarget section */
		A5844A031FD140EF00188488 /* HeliXplore */ = {
			isa = PBXNativeTarget;
			buildConfigurationList = A5844A161FD140EF00188488 /* Build configuration list for PBXNativeTarget "HeliXplore" */;
			buildPhases = (
				DDB0E71F4637000DC0151F91 /* [CP] Check Pods Manifest.lock */,
				A5844A001FD140EF00188488 /* Sources */,
				A5844A011FD140EF00188488 /* Frameworks */,
				A5844A021FD140EF00188488 /* Resources */,
				C254ADDDEB42FBCD12FBEA5C /* [CP] Embed Pods Frameworks */,
				7080F45ED1448AECFD0D5F4E /* [CP] Copy Pods Resources */,
			);
			buildRules = (
			);
			dependencies = (
			);
			name = HeliXplore;
			productName = HeliXplore;
			productReference = A5844A041FD140EF00188488 /* HeliXplore.app */;
			productType = "com.apple.product-type.application";
		};
/* End PBXNativeTarget section */

/* Begin PBXProject section */
		A58449FC1FD140EF00188488 /* Project object */ = {
			isa = PBXProject;
			attributes = {
				LastSwiftUpdateCheck = 0910;
				LastUpgradeCheck = 0910;
				ORGANIZATIONNAME = "Irina Camillri";
				TargetAttributes = {
					A5844A031FD140EF00188488 = {
						CreatedOnToolsVersion = 9.1;
						ProvisioningStyle = Automatic;
					};
				};
			};
			buildConfigurationList = A58449FF1FD140EF00188488 /* Build configuration list for PBXProject "HeliXplore" */;
			compatibilityVersion = "Xcode 8.0";
			developmentRegion = en;
			hasScannedForEncodings = 0;
			knownRegions = (
				en,
				Base,
			);
			mainGroup = A58449FB1FD140EF00188488;
			productRefGroup = A5844A051FD140EF00188488 /* Products */;
			projectDirPath = "";
			projectRoot = "";
			targets = (
				A5844A031FD140EF00188488 /* HeliXplore */,
			);
		};
/* End PBXProject section */

/* Begin PBXResourcesBuildPhase section */
		A5844A021FD140EF00188488 /* Resources */ = {
			isa = PBXResourcesBuildPhase;
			buildActionMask = 2147483647;
			files = (
				A5844A121FD140EF00188488 /* LaunchScreen.storyboard in Resources */,
				A5844A0F1FD140EF00188488 /* Assets.xcassets in Resources */,
				A5844A0D1FD140EF00188488 /* Main.storyboard in Resources */,
			);
			runOnlyForDeploymentPostprocessing = 0;
		};
/* End PBXResourcesBuildPhase section */

/* Begin PBXShellScriptBuildPhase section */
		7080F45ED1448AECFD0D5F4E /* [CP] Copy Pods Resources */ = {
			isa = PBXShellScriptBuildPhase;
			buildActionMask = 2147483647;
			files = (
			);
			inputPaths = (
			);
			name = "[CP] Copy Pods Resources";
			outputPaths = (
			);
			runOnlyForDeploymentPostprocessing = 0;
			shellPath = /bin/sh;
			shellScript = "\"${SRCROOT}/../Pods/Target Support Files/Pods-HeliXplore/Pods-HeliXplore-resources.sh\"\n";
			showEnvVarsInLog = 0;
		};
		C254ADDDEB42FBCD12FBEA5C /* [CP] Embed Pods Frameworks */ = {
			isa = PBXShellScriptBuildPhase;
			buildActionMask = 2147483647;
			files = (
			);
			inputPaths = (
				"${SRCROOT}/../Pods/Target Support Files/Pods-HeliXplore/Pods-HeliXplore-frameworks.sh",
				"${PODS_ROOT}/Mapbox-iOS-SDK/dynamic/Mapbox.framework",
				"${PODS_ROOT}/Mapbox-iOS-SDK/dynamic/Mapbox.framework.dSYM",
			);
			name = "[CP] Embed Pods Frameworks";
			outputPaths = (
				"${TARGET_BUILD_DIR}/${FRAMEWORKS_FOLDER_PATH}/Mapbox.framework",
				"${DWARF_DSYM_FOLDER_PATH}/Mapbox.framework.dSYM",
			);
			runOnlyForDeploymentPostprocessing = 0;
			shellPath = /bin/sh;
			shellScript = "\"${SRCROOT}/../Pods/Target Support Files/Pods-HeliXplore/Pods-HeliXplore-frameworks.sh\"\n";
			showEnvVarsInLog = 0;
		};
		DDB0E71F4637000DC0151F91 /* [CP] Check Pods Manifest.lock */ = {
			isa = PBXShellScriptBuildPhase;
			buildActionMask = 2147483647;
			files = (
			);
			inputPaths = (
				"${PODS_PODFILE_DIR_PATH}/Podfile.lock",
				"${PODS_ROOT}/Manifest.lock",
			);
			name = "[CP] Check Pods Manifest.lock";
			outputPaths = (
				"$(DERIVED_FILE_DIR)/Pods-HeliXplore-checkManifestLockResult.txt",
			);
			runOnlyForDeploymentPostprocessing = 0;
			shellPath = /bin/sh;
			shellScript = "diff \"${PODS_PODFILE_DIR_PATH}/Podfile.lock\" \"${PODS_ROOT}/Manifest.lock\" > /dev/null\nif [ $? != 0 ] ; then\n    # print error to STDERR\n    echo \"error: The sandbox is not in sync with the Podfile.lock. Run 'pod install' or update your CocoaPods installation.\" >&2\n    exit 1\nfi\n# This output is used by Xcode 'outputs' to avoid re-running this script phase.\necho \"SUCCESS\" > \"${SCRIPT_OUTPUT_FILE_0}\"\n";
			showEnvVarsInLog = 0;
		};
/* End PBXShellScriptBuildPhase section */

/* Begin PBXSourcesBuildPhase section */
		A5844A001FD140EF00188488 /* Sources */ = {
			isa = PBXSourcesBuildPhase;
			buildActionMask = 2147483647;
			files = (
				A5844A1A1FD1443700188488 /* IntroViewController.swift in Sources */,
				A5844A0A1FD140EF00188488 /* ViewController.swift in Sources */,
				A5844A081FD140EF00188488 /* AppDelegate.swift in Sources */,
				A5844A1C1FD145D900188488 /* Extensions.swift in Sources */,
			);
			runOnlyForDeploymentPostprocessing = 0;
		};
/* End PBXSourcesBuildPhase section */

/* Begin PBXVariantGroup section */
		A5844A0B1FD140EF00188488 /* Main.storyboard */ = {
			isa = PBXVariantGroup;
			children = (
				A5844A0C1FD140EF00188488 /* Base */,
			);
			name = Main.storyboard;
			sourceTree = "<group>";
		};
		A5844A101FD140EF00188488 /* LaunchScreen.storyboard */ = {
			isa = PBXVariantGroup;
			children = (
				A5844A111FD140EF00188488 /* Base */,
			);
			name = LaunchScreen.storyboard;
			sourceTree = "<group>";
		};
/* End PBXVariantGroup section */

/* Begin XCBuildConfiguration section */
		A5844A141FD140EF00188488 /* Debug */ = {
			isa = XCBuildConfiguration;
			buildSettings = {
				ALWAYS_SEARCH_USER_PATHS = NO;
				CLANG_ANALYZER_NONNULL = YES;
				CLANG_ANALYZER_NUMBER_OBJECT_CONVERSION = YES_AGGRESSIVE;
				CLANG_CXX_LANGUAGE_STANDARD = "gnu++14";
				CLANG_CXX_LIBRARY = "libc++";
				CLANG_ENABLE_MODULES = YES;
				CLANG_ENABLE_OBJC_ARC = YES;
				CLANG_WARN_BLOCK_CAPTURE_AUTORELEASING = YES;
				CLANG_WARN_BOOL_CONVERSION = YES;
				CLANG_WARN_COMMA = YES;
				CLANG_WARN_CONSTANT_CONVERSION = YES;
				CLANG_WARN_DIRECT_OBJC_ISA_USAGE = YES_ERROR;
				CLANG_WARN_DOCUMENTATION_COMMENTS = YES;
				CLANG_WARN_EMPTY_BODY = YES;
				CLANG_WARN_ENUM_CONVERSION = YES;
				CLANG_WARN_INFINITE_RECURSION = YES;
				CLANG_WARN_INT_CONVERSION = YES;
				CLANG_WARN_NON_LITERAL_NULL_CONVERSION = YES;
				CLANG_WARN_OBJC_LITERAL_CONVERSION = YES;
				CLANG_WARN_OBJC_ROOT_CLASS = YES_ERROR;
				CLANG_WARN_RANGE_LOOP_ANALYSIS = YES;
				CLANG_WARN_STRICT_PROTOTYPES = YES;
				CLANG_WARN_SUSPICIOUS_MOVE = YES;
				CLANG_WARN_UNGUARDED_AVAILABILITY = YES_AGGRESSIVE;
				CLANG_WARN_UNREACHABLE_CODE = YES;
				CLANG_WARN__DUPLICATE_METHOD_MATCH = YES;
				CODE_SIGN_IDENTITY = "iPhone Developer";
				COPY_PHASE_STRIP = NO;
				DEBUG_INFORMATION_FORMAT = dwarf;
				ENABLE_STRICT_OBJC_MSGSEND = YES;
				ENABLE_TESTABILITY = YES;
				GCC_C_LANGUAGE_STANDARD = gnu11;
				GCC_DYNAMIC_NO_PIC = NO;
				GCC_NO_COMMON_BLOCKS = YES;
				GCC_OPTIMIZATION_LEVEL = 0;
				GCC_PREPROCESSOR_DEFINITIONS = (
					"DEBUG=1",
					"$(inherited)",
				);
				GCC_WARN_64_TO_32_BIT_CONVERSION = YES;
				GCC_WARN_ABOUT_RETURN_TYPE = YES_ERROR;
				GCC_WARN_UNDECLARED_SELECTOR = YES;
				GCC_WARN_UNINITIALIZED_AUTOS = YES_AGGRESSIVE;
				GCC_WARN_UNUSED_FUNCTION = YES;
				GCC_WARN_UNUSED_VARIABLE = YES;
				IPHONEOS_DEPLOYMENT_TARGET = 11.0;
				MTL_ENABLE_DEBUG_INFO = YES;
				ONLY_ACTIVE_ARCH = YES;
				SDKROOT = iphoneos;
				SWIFT_ACTIVE_COMPILATION_CONDITIONS = DEBUG;
				SWIFT_OPTIMIZATION_LEVEL = "-Onone";
			};
			name = Debug;
		};
		A5844A151FD140EF00188488 /* Release */ = {
			isa = XCBuildConfiguration;
			buildSettings = {
				ALWAYS_SEARCH_USER_PATHS = NO;
				CLANG_ANALYZER_NONNULL = YES;
				CLANG_ANALYZER_NUMBER_OBJECT_CONVERSION = YES_AGGRESSIVE;
				CLANG_CXX_LANGUAGE_STANDARD = "gnu++14";
				CLANG_CXX_LIBRARY = "libc++";
				CLANG_ENABLE_MODULES = YES;
				CLANG_ENABLE_OBJC_ARC = YES;
				CLANG_WARN_BLOCK_CAPTURE_AUTORELEASING = YES;
				CLANG_WARN_BOOL_CONVERSION = YES;
				CLANG_WARN_COMMA = YES;
				CLANG_WARN_CONSTANT_CONVERSION = YES;
				CLANG_WARN_DIRECT_OBJC_ISA_USAGE = YES_ERROR;
				CLANG_WARN_DOCUMENTATION_COMMENTS = YES;
				CLANG_WARN_EMPTY_BODY = YES;
				CLANG_WARN_ENUM_CONVERSION = YES;
				CLANG_WARN_INFINITE_RECURSION = YES;
				CLANG_WARN_INT_CONVERSION = YES;
				CLANG_WARN_NON_LITERAL_NULL_CONVERSION = YES;
				CLANG_WARN_OBJC_LITERAL_CONVERSION = YES;
				CLANG_WARN_OBJC_ROOT_CLASS = YES_ERROR;
				CLANG_WARN_RANGE_LOOP_ANALYSIS = YES;
				CLANG_WARN_STRICT_PROTOTYPES = YES;
				CLANG_WARN_SUSPICIOUS_MOVE = YES;
				CLANG_WARN_UNGUARDED_AVAILABILITY = YES_AGGRESSIVE;
				CLANG_WARN_UNREACHABLE_CODE = YES;
				CLANG_WARN__DUPLICATE_METHOD_MATCH = YES;
				CODE_SIGN_IDENTITY = "iPhone Developer";
				COPY_PHASE_STRIP = NO;
				DEBUG_INFORMATION_FORMAT = "dwarf-with-dsym";
				ENABLE_NS_ASSERTIONS = NO;
				ENABLE_STRICT_OBJC_MSGSEND = YES;
				GCC_C_LANGUAGE_STANDARD = gnu11;
				GCC_NO_COMMON_BLOCKS = YES;
				GCC_WARN_64_TO_32_BIT_CONVERSION = YES;
				GCC_WARN_ABOUT_RETURN_TYPE = YES_ERROR;
				GCC_WARN_UNDECLARED_SELECTOR = YES;
				GCC_WARN_UNINITIALIZED_AUTOS = YES_AGGRESSIVE;
				GCC_WARN_UNUSED_FUNCTION = YES;
				GCC_WARN_UNUSED_VARIABLE = YES;
				IPHONEOS_DEPLOYMENT_TARGET = 11.0;
				MTL_ENABLE_DEBUG_INFO = NO;
				SDKROOT = iphoneos;
				SWIFT_OPTIMIZATION_LEVEL = "-Owholemodule";
				VALIDATE_PRODUCT = YES;
			};
			name = Release;
		};
		A5844A171FD140EF00188488 /* Debug */ = {
			isa = XCBuildConfiguration;
			baseConfigurationReference = 8207C55AEF2200C574815FDB /* Pods-HeliXplore.debug.xcconfig */;
			buildSettings = {
				ASSETCATALOG_COMPILER_APPICON_NAME = AppIcon;
				CODE_SIGN_STYLE = Automatic;
				DEVELOPMENT_TEAM = FLM9GS62AM;
				INFOPLIST_FILE = HeliXplore/Info.plist;
				LD_RUNPATH_SEARCH_PATHS = "$(inherited) @executable_path/Frameworks";
				PRODUCT_BUNDLE_IDENTIFIER = FFG.HeliXplore;
				PRODUCT_NAME = "$(TARGET_NAME)";
				SWIFT_VERSION = 4.0;
				TARGETED_DEVICE_FAMILY = "1,2";
			};
			name = Debug;
		};
		A5844A181FD140EF00188488 /* Release */ = {
			isa = XCBuildConfiguration;
			baseConfigurationReference = BBE85A6F4A90BD5491B9ABE9 /* Pods-HeliXplore.release.xcconfig */;
			buildSettings = {
				ASSETCATALOG_COMPILER_APPICON_NAME = AppIcon;
				CODE_SIGN_STYLE = Automatic;
				DEVELOPMENT_TEAM = FLM9GS62AM;
				INFOPLIST_FILE = HeliXplore/Info.plist;
				LD_RUNPATH_SEARCH_PATHS = "$(inherited) @executable_path/Frameworks";
				PRODUCT_BUNDLE_IDENTIFIER = FFG.HeliXplore;
				PRODUCT_NAME = "$(TARGET_NAME)";
				SWIFT_VERSION = 4.0;
				TARGETED_DEVICE_FAMILY = "1,2";
			};
			name = Release;
		};
/* End XCBuildConfiguration section */

/* Begin XCConfigurationList section */
		A58449FF1FD140EF00188488 /* Build configuration list for PBXProject "HeliXplore" */ = {
			isa = XCConfigurationList;
			buildConfigurations = (
				A5844A141FD140EF00188488 /* Debug */,
				A5844A151FD140EF00188488 /* Release */,
			);
			defaultConfigurationIsVisible = 0;
			defaultConfigurationName = Release;
		};
		A5844A161FD140EF00188488 /* Build configuration list for PBXNativeTarget "HeliXplore" */ = {
			isa = XCConfigurationList;
			buildConfigurations = (
				A5844A171FD140EF00188488 /* Debug */,
				A5844A181FD140EF00188488 /* Release */,
			);
			defaultConfigurationIsVisible = 0;
			defaultConfigurationName = Release;
		};
/* End XCConfigurationList section */
	};
	rootObject = A58449FC1FD140EF00188488 /* Project object */;
}
